
Microsoft Visual Studio Solution File, Format Version 12.00
# Visual Studio Version 16
VisualStudioVersion = 16.0.29613.14
MinimumVisualStudioVersion = 10.0.40219.1
Project("{FAE04EC0-301F-11D3-BF4B-00C04F79EFBC}") = "pz2", "pz2.csproj", "{333E0140-90B6-4E87-9D9B-B5921F1846B8}"
EndProject
Global
	GlobalSection(SolutionConfigurationPlatforms) = preSolution
		Debug|Any CPU = Debug|Any CPU
		Release|Any CPU = Release|Any CPU
	EndGlobalSection
	GlobalSection(ProjectConfigurationPlatforms) = postSolution
		{333E0140-90B6-4E87-9D9B-B5921F1846B8}.Debug|Any CPU.ActiveCfg = Debug|Any CPU
		{333E0140-90B6-4E87-9D9B-B5921F1846B8}.Debug|Any CPU.Build.0 = Debug|Any CPU
		{333E0140-90B6-4E87-9D9B-B5921F1846B8}.Release|Any CPU.ActiveCfg = Release|Any CPU
		{333E0140-90B6-4E87-9D9B-B5921F1846B8}.Release|Any CPU.Build.0 = Release|Any CPU
	EndGlobalSection
	GlobalSection(SolutionProperties) = preSolution
		HideSolutionNode = FALSE
	EndGlobalSection
	GlobalSection(ExtensibilityGlobals) = postSolution
		SolutionGuid = {ACD26959-430B-4B9C-A328-1D826BD0C2B1}
	EndGlobalSection
EndGlobal
